
Microsoft Visual Studio Solution File, Format Version 12.00
Project("{2150E333-8FDC-42A3-9474-1A3956D46DE8}") = "src", "src", "{8EC88986-8678-4284-AC4A-1ECDF36658A1}"
EndProject
Project("{FAE04EC0-301F-11D3-BF4B-00C04F79EFBC}") = "ConsoleUI", "ConsoleUI\ConsoleUI.csproj", "{77B16673-79DF-4E12-B860-8F94FE514251}"
EndProject
Project("{FAE04EC0-301F-11D3-BF4B-00C04F79EFBC}") = "BusinessObjects", "BusinessObjects\BusinessObjects.csproj", "{38E7A2BA-5CCD-4CB5-94C6-81F00927E5E7}"
EndProject
Project("{FAE04EC0-301F-11D3-BF4B-00C04F79EFBC}") = "Exceptions", "Exceptions\Exceptions.csproj", "{3018C312-81F0-4A01-996F-5CE7D049DEDA}"
EndProject
Project("{FAE04EC0-301F-11D3-BF4B-00C04F79EFBC}") = "Logic", "Logic\Logic.csproj", "{302A0568-E0F9-42BA-9DA6-1745E1F7903B}"
EndProject
Project("{FAE04EC0-301F-11D3-BF4B-00C04F79EFBC}") = "DBManager", "DBManager\DBManager.csproj", "{0CF548E2-7959-4C96-94EA-4CC91C131507}"
EndProject
Project("{FAE04EC0-301F-11D3-BF4B-00C04F79EFBC}") = "GW2Wrapper", "GW2Wrapper\GW2Wrapper.csproj", "{6D5C5D68-BE7C-4241-B352-3C65FB1BE2ED}"
EndProject
Global
	GlobalSection(SolutionConfigurationPlatforms) = preSolution
		Debug|Any CPU = Debug|Any CPU
		Release|Any CPU = Release|Any CPU
	EndGlobalSection
	GlobalSection(ProjectConfigurationPlatforms) = postSolution
		{77B16673-79DF-4E12-B860-8F94FE514251}.Debug|Any CPU.ActiveCfg = Debug|Any CPU
		{77B16673-79DF-4E12-B860-8F94FE514251}.Debug|Any CPU.Build.0 = Debug|Any CPU
		{77B16673-79DF-4E12-B860-8F94FE514251}.Release|Any CPU.ActiveCfg = Release|Any CPU
		{77B16673-79DF-4E12-B860-8F94FE514251}.Release|Any CPU.Build.0 = Release|Any CPU
		{38E7A2BA-5CCD-4CB5-94C6-81F00927E5E7}.Debug|Any CPU.ActiveCfg = Debug|Any CPU
		{38E7A2BA-5CCD-4CB5-94C6-81F00927E5E7}.Debug|Any CPU.Build.0 = Debug|Any CPU
		{38E7A2BA-5CCD-4CB5-94C6-81F00927E5E7}.Release|Any CPU.ActiveCfg = Release|Any CPU
		{38E7A2BA-5CCD-4CB5-94C6-81F00927E5E7}.Release|Any CPU.Build.0 = Release|Any CPU
		{3018C312-81F0-4A01-996F-5CE7D049DEDA}.Debug|Any CPU.ActiveCfg = Debug|Any CPU
		{3018C312-81F0-4A01-996F-5CE7D049DEDA}.Debug|Any CPU.Build.0 = Debug|Any CPU
		{3018C312-81F0-4A01-996F-5CE7D049DEDA}.Release|Any CPU.ActiveCfg = Release|Any CPU
		{3018C312-81F0-4A01-996F-5CE7D049DEDA}.Release|Any CPU.Build.0 = Release|Any CPU
		{302A0568-E0F9-42BA-9DA6-1745E1F7903B}.Debug|Any CPU.ActiveCfg = Debug|Any CPU
		{302A0568-E0F9-42BA-9DA6-1745E1F7903B}.Debug|Any CPU.Build.0 = Debug|Any CPU
		{302A0568-E0F9-42BA-9DA6-1745E1F7903B}.Release|Any CPU.ActiveCfg = Release|Any CPU
		{302A0568-E0F9-42BA-9DA6-1745E1F7903B}.Release|Any CPU.Build.0 = Release|Any CPU
		{0CF548E2-7959-4C96-94EA-4CC91C131507}.Debug|Any CPU.ActiveCfg = Debug|Any CPU
		{0CF548E2-7959-4C96-94EA-4CC91C131507}.Debug|Any CPU.Build.0 = Debug|Any CPU
		{0CF548E2-7959-4C96-94EA-4CC91C131507}.Release|Any CPU.ActiveCfg = Release|Any CPU
		{0CF548E2-7959-4C96-94EA-4CC91C131507}.Release|Any CPU.Build.0 = Release|Any CPU
		{6D5C5D68-BE7C-4241-B352-3C65FB1BE2ED}.Debug|Any CPU.ActiveCfg = Debug|Any CPU
		{6D5C5D68-BE7C-4241-B352-3C65FB1BE2ED}.Debug|Any CPU.Build.0 = Debug|Any CPU
		{6D5C5D68-BE7C-4241-B352-3C65FB1BE2ED}.Release|Any CPU.ActiveCfg = Release|Any CPU
		{6D5C5D68-BE7C-4241-B352-3C65FB1BE2ED}.Release|Any CPU.Build.0 = Release|Any CPU
	EndGlobalSection
	GlobalSection(NestedProjects) = preSolution
		{77B16673-79DF-4E12-B860-8F94FE514251} = {8EC88986-8678-4284-AC4A-1ECDF36658A1}
		{38E7A2BA-5CCD-4CB5-94C6-81F00927E5E7} = {8EC88986-8678-4284-AC4A-1ECDF36658A1}
		{3018C312-81F0-4A01-996F-5CE7D049DEDA} = {8EC88986-8678-4284-AC4A-1ECDF36658A1}
		{302A0568-E0F9-42BA-9DA6-1745E1F7903B} = {8EC88986-8678-4284-AC4A-1ECDF36658A1}
		{0CF548E2-7959-4C96-94EA-4CC91C131507} = {8EC88986-8678-4284-AC4A-1ECDF36658A1}
		{6D5C5D68-BE7C-4241-B352-3C65FB1BE2ED} = {8EC88986-8678-4284-AC4A-1ECDF36658A1}
	EndGlobalSection
EndGlobal
